
Microsoft Visual Studio Solution File, Format Version 12.00
# Visual Studio Version 16
VisualStudioVersion = 16.0.29509.3
MinimumVisualStudioVersion = 10.0.40219.1
Project("{9A19103F-16F7-4668-BE54-9A1E7A4F7556}") = "Middleware", "Middleware\Middleware.csproj", "{2092A56A-BD33-467C-8B4C-688481C9970B}"
EndProject
Project("{9A19103F-16F7-4668-BE54-9A1E7A4F7556}") = "BasicMiddleware", "BasicMiddleware\BasicMiddleware.csproj", "{BE747B25-9784-45A2-93C3-8CEEC18AE664}"
EndProject
Project("{9A19103F-16F7-4668-BE54-9A1E7A4F7556}") = "SinglePageApp", "SinglePageApp\SinglePageApp.csproj", "{EFC07892-4E09-495D-97A5-E7D855649EAC}"
EndProject
Project("{9A19103F-16F7-4668-BE54-9A1E7A4F7556}") = "RazorPages", "RazorPages\RazorPages.csproj", "{9095E281-F95A-407F-BBAE-F44BDF248F8A}"
EndProject
Global
	GlobalSection(SolutionConfigurationPlatforms) = preSolution
		Debug|Any CPU = Debug|Any CPU
		Release|Any CPU = Release|Any CPU
	EndGlobalSection
	GlobalSection(ProjectConfigurationPlatforms) = postSolution
		{2092A56A-BD33-467C-8B4C-688481C9970B}.Debug|Any CPU.ActiveCfg = Debug|Any CPU
		{2092A56A-BD33-467C-8B4C-688481C9970B}.Debug|Any CPU.Build.0 = Debug|Any CPU
		{2092A56A-BD33-467C-8B4C-688481C9970B}.Release|Any CPU.ActiveCfg = Release|Any CPU
		{2092A56A-BD33-467C-8B4C-688481C9970B}.Release|Any CPU.Build.0 = Release|Any CPU
		{BE747B25-9784-45A2-93C3-8CEEC18AE664}.Debug|Any CPU.ActiveCfg = Debug|Any CPU
		{BE747B25-9784-45A2-93C3-8CEEC18AE664}.Debug|Any CPU.Build.0 = Debug|Any CPU
		{BE747B25-9784-45A2-93C3-8CEEC18AE664}.Release|Any CPU.ActiveCfg = Release|Any CPU
		{BE747B25-9784-45A2-93C3-8CEEC18AE664}.Release|Any CPU.Build.0 = Release|Any CPU
		{EFC07892-4E09-495D-97A5-E7D855649EAC}.Debug|Any CPU.ActiveCfg = Debug|Any CPU
		{EFC07892-4E09-495D-97A5-E7D855649EAC}.Debug|Any CPU.Build.0 = Debug|Any CPU
		{EFC07892-4E09-495D-97A5-E7D855649EAC}.Release|Any CPU.ActiveCfg = Release|Any CPU
		{EFC07892-4E09-495D-97A5-E7D855649EAC}.Release|Any CPU.Build.0 = Release|Any CPU
		{9095E281-F95A-407F-BBAE-F44BDF248F8A}.Debug|Any CPU.ActiveCfg = Debug|Any CPU
		{9095E281-F95A-407F-BBAE-F44BDF248F8A}.Debug|Any CPU.Build.0 = Debug|Any CPU
		{9095E281-F95A-407F-BBAE-F44BDF248F8A}.Release|Any CPU.ActiveCfg = Release|Any CPU
		{9095E281-F95A-407F-BBAE-F44BDF248F8A}.Release|Any CPU.Build.0 = Release|Any CPU
	EndGlobalSection
	GlobalSection(SolutionProperties) = preSolution
		HideSolutionNode = FALSE
	EndGlobalSection
	GlobalSection(ExtensibilityGlobals) = postSolution
		SolutionGuid = {21A78CD0-BCAF-430B-92E3-F656B053BCAE}
	EndGlobalSection
EndGlobal
